
Microsoft Visual Studio Solution File, Format Version 11.00
# Visual Studio 2010
# SharpDevelop 5.1
Project("{FAE04EC0-301F-11D3-BF4B-00C04F79EFBC}") = "AI_v3", "AI_v3\AI_v3.csproj", "{E334015C-42EE-403F-B8F6-5ADE0D8F65BC}"
EndProject
Global
	GlobalSection(SolutionConfigurationPlatforms) = preSolution
		Debug|Any CPU = Debug|Any CPU
		Release|Any CPU = Release|Any CPU
	EndGlobalSection
	GlobalSection(ProjectConfigurationPlatforms) = postSolution
		{E334015C-42EE-403F-B8F6-5ADE0D8F65BC}.Debug|Any CPU.ActiveCfg = Debug|Any CPU
		{E334015C-42EE-403F-B8F6-5ADE0D8F65BC}.Debug|Any CPU.Build.0 = Debug|Any CPU
		{E334015C-42EE-403F-B8F6-5ADE0D8F65BC}.Release|Any CPU.ActiveCfg = Release|Any CPU
		{E334015C-42EE-403F-B8F6-5ADE0D8F65BC}.Release|Any CPU.Build.0 = Release|Any CPU
	EndGlobalSection
EndGlobal
